// !$*UTF8*$!
{
	archiveVersion = 1;
	classes = {
	};
	objectVersion = 70;
	objects = {

/* Begin PBXBuildFile section */
		B142F06B2FEC648800861130 /* METAR_WeatherApp.swift in Sources */ = {isa = PBXBuildFile; fileRef = B142F06A2FEC648800861130 /* METAR_WeatherApp.swift */; };
		B142F06D2FEC648800861130 /* ContentView.swift in Sources */ = {isa = PBXBuildFile; fileRef = B142F06C2FEC648800861130 /* ContentView.swift */; };
		B142F06F2FEC648A00861130 /* Assets.xcassets in Resources */ = {isa = PBXBuildFile; fileRef = B142F06E2FEC648A00861130 /* Assets.xcassets */; };
		B142F0722FEC648A00861130 /* Preview Assets.xcassets in Resources */ = {isa = PBXBuildFile; fileRef = B142F0712FEC648A00861130 /* Preview Assets.xcassets */; };
		B1C0FFEE000000000000B100 /* PrivacyInfo.xcprivacy in Resources */ = {isa = PBXBuildFile; fileRef = B1C0FFEE000000000000A100 /* PrivacyInfo.xcprivacy */; };
		B142F07C2FEC648A00861130 /* METAR_WeatherTests.swift in Sources */ = {isa = PBXBuildFile; fileRef = B142F07B2FEC648A00861130 /* METAR_WeatherTests.swift */; };
		B142F0862FEC648A00861130 /* METAR_WeatherUITests.swift in Sources */ = {isa = PBXBuildFile; fileRef = B142F0852FEC648A00861130 /* METAR_WeatherUITests.swift */; };
		B142F0882FEC648B00861130 /* METAR_WeatherUITestsLaunchTests.swift in Sources */ = {isa = PBXBuildFile; fileRef = B142F0872FEC648B00861130 /* METAR_WeatherUITestsLaunchTests.swift */; };
		B142F0952FEC727800861130 /* WeatherService.swift in Sources */ = {isa = PBXBuildFile; fileRef = B142F0942FEC727800861130 /* WeatherService.swift */; };
		B142F0972FEC72A300861130 /* WeatherViewModel.swift in Sources */ = {isa = PBXBuildFile; fileRef = B142F0962FEC72A300861130 /* WeatherViewModel.swift */; };
		B142F0992FEC79B900861130 /* MetarParser.swift in Sources */ = {isa = PBXBuildFile; fileRef = B142F0982FEC79B900861130 /* MetarParser.swift */; };
		B1A6EF112FEF0FD1002D2633 /* WidgetKit.framework in Frameworks */ = {isa = PBXBuildFile; fileRef = B1A6EF102FEF0FD1002D2633 /* WidgetKit.framework */; };
		B1A6EF132FEF0FD1002D2633 /* SwiftUI.framework in Frameworks */ = {isa = PBXBuildFile; fileRef = B1A6EF122FEF0FD1002D2633 /* SwiftUI.framework */; };
		B1A6EF202FEF0FD4002D2633 /* MetarWidgetExtension.appex in Embed Foundation Extensions */ = {isa = PBXBuildFile; fileRef = B1A6EF0E2FEF0FD1002D2633 /* MetarWidgetExtension.appex */; settings = {ATTRIBUTES = (RemoveHeadersOnCopy, ); }; };
/* End PBXBuildFile section */

/* Begin PBXContainerItemProxy section */
		B142F0782FEC648A00861130 /* PBXContainerItemProxy */ = {
			isa = PBXContainerItemProxy;
			containerPortal = B142F05F2FEC648800861130 /* Project object */;
			proxyType = 1;
			remoteGlobalIDString = B142F0662FEC648800861130;
			remoteInfo = "METAR Weather";
		};
		B142F0822FEC648A00861130 /* PBXContainerItemProxy */ = {
			isa = PBXContainerItemProxy;
			containerPortal = B142F05F2FEC648800861130 /* Project object */;
			proxyType = 1;
			remoteGlobalIDString = B142F0662FEC648800861130;
			remoteInfo = "METAR Weather";
		};
		B1A6EF1E2FEF0FD4002D2633 /* PBXContainerItemProxy */ = {
			isa = PBXContainerItemProxy;
			containerPortal = B142F05F2FEC648800861130 /* Project object */;
			proxyType = 1;
			remoteGlobalIDString = B1A6EF0D2FEF0FD1002D2633;
			remoteInfo = MetarWidgetExtension;
		};
/* End PBXContainerItemProxy section */

/* Begin PBXCopyFilesBuildPhase section */
		B1A6EF212FEF0FD4002D2633 /* Embed Foundation Extensions */ = {
			isa = PBXCopyFilesBuildPhase;
			buildActionMask = 2147483647;
			dstPath = "";
			dstSubfolderSpec = 13;
			files = (
				B1A6EF202FEF0FD4002D2633 /* MetarWidgetExtension.appex in Embed Foundation Extensions */,
			);
			name = "Embed Foundation Extensions";
			runOnlyForDeploymentPostprocessing = 0;
		};
/* End PBXCopyFilesBuildPhase section */

/* Begin PBXFileReference section */
		B142F0672FEC648800861130 /* METAR Weather.app */ = {isa = PBXFileReference; explicitFileType = wrapper.application; includeInIndex = 0; path = "METAR Weather.app"; sourceTree = BUILT_PRODUCTS_DIR; };
		B142F06A2FEC648800861130 /* METAR_WeatherApp.swift */ = {isa = PBXFileReference; lastKnownFileType = sourcecode.swift; path = METAR_WeatherApp.swift; sourceTree = "<group>"; };
		B142F06C2FEC648800861130 /* ContentView.swift */ = {isa = PBXFileReference; lastKnownFileType = sourcecode.swift; path = ContentView.swift; sourceTree = "<group>"; };
		B142F06E2FEC648A00861130 /* Assets.xcassets */ = {isa = PBXFileReference; lastKnownFileType = folder.assetcatalog; path = Assets.xcassets; sourceTree = "<group>"; };
		B142F0712FEC648A00861130 /* Preview Assets.xcassets */ = {isa = PBXFileReference; lastKnownFileType = folder.assetcatalog; path = "Preview Assets.xcassets"; sourceTree = "<group>"; };
		B1C0FFEE000000000000A100 /* PrivacyInfo.xcprivacy */ = {isa = PBXFileReference; lastKnownFileType = text.plist.xcprivacy; path = PrivacyInfo.xcprivacy; sourceTree = "<group>"; };
		B142F0772FEC648A00861130 /* METAR WeatherTests.xctest */ = {isa = PBXFileReference; explicitFileType = wrapper.cfbundle; includeInIndex = 0; path = "METAR WeatherTests.xctest"; sourceTree = BUILT_PRODUCTS_DIR; };
		B142F07B2FEC648A00861130 /* METAR_WeatherTests.swift */ = {isa = PBXFileReference; lastKnownFileType = sourcecode.swift; path = METAR_WeatherTests.swift; sourceTree = "<group>"; };
		B142F0812FEC648A00861130 /* METAR WeatherUITests.xctest */ = {isa = PBXFileReference; explicitFileType = wrapper.cfbundle; includeInIndex = 0; path = "METAR WeatherUITests.xctest"; sourceTree = BUILT_PRODUCTS_DIR; };
		B142F0852FEC648A00861130 /* METAR_WeatherUITests.swift */ = {isa = PBXFileReference; lastKnownFileType = sourcecode.swift; path = METAR_WeatherUITests.swift; sourceTree = "<group>"; };
		B142F0872FEC648B00861130 /* METAR_WeatherUITestsLaunchTests.swift */ = {isa = PBXFileReference; lastKnownFileType = sourcecode.swift; path = METAR_WeatherUITestsLaunchTests.swift; sourceTree = "<group>"; };
		B142F0942FEC727800861130 /* WeatherService.swift */ = {isa = PBXFileReference; lastKnownFileType = sourcecode.swift; path = WeatherService.swift; sourceTree = "<group>"; };
		B142F0962FEC72A300861130 /* WeatherViewModel.swift */ = {isa = PBXFileReference; lastKnownFileType = sourcecode.swift; path = WeatherViewModel.swift; sourceTree = "<group>"; };
		B142F0982FEC79B900861130 /* MetarParser.swift */ = {isa = PBXFileReference; lastKnownFileType = sourcecode.swift; path = MetarParser.swift; sourceTree = "<group>"; };
		B1A6EF0E2FEF0FD1002D2633 /* MetarWidgetExtension.appex */ = {isa = PBXFileReference; explicitFileType = "wrapper.app-extension"; includeInIndex = 0; path = MetarWidgetExtension.appex; sourceTree = BUILT_PRODUCTS_DIR; };
		B1A6EF102FEF0FD1002D2633 /* WidgetKit.framework */ = {isa = PBXFileReference; lastKnownFileType = wrapper.framework; name = WidgetKit.framework; path = System/Library/Frameworks/WidgetKit.framework; sourceTree = SDKROOT; };
		B1A6EF122FEF0FD1002D2633 /* SwiftUI.framework */ = {isa = PBXFileReference; lastKnownFileType = wrapper.framework; name = SwiftUI.framework; path = System/Library/Frameworks/SwiftUI.framework; sourceTree = SDKROOT; };
		B1A6EF2A2FEF11E2002D2633 /* METAR Weather.entitlements */ = {isa = PBXFileReference; lastKnownFileType = text.plist.entitlements; path = "METAR Weather.entitlements"; sourceTree = "<group>"; };
		B1A6EF2B2FEF1243002D2633 /* MetarWidgetExtension.entitlements */ = {isa = PBXFileReference; lastKnownFileType = text.plist.entitlements; path = MetarWidgetExtension.entitlements; sourceTree = "<group>"; };
/* End PBXFileReference section */

/* Begin PBXFileSystemSynchronizedBuildFileExceptionSet section */
		B1A6EF242FEF0FD4002D2633 /* PBXFileSystemSynchronizedBuildFileExceptionSet */ = {
			isa = PBXFileSystemSynchronizedBuildFileExceptionSet;
			membershipExceptions = (
				Info.plist,
			);
			target = B1A6EF0D2FEF0FD1002D2633 /* MetarWidgetExtension */;
		};
		B1A6EF2F2FEF13AC002D2633 /* PBXFileSystemSynchronizedBuildFileExceptionSet */ = {
			isa = PBXFileSystemSynchronizedBuildFileExceptionSet;
			membershipExceptions = (
				WidgetShared.swift,
			);
			target = B142F0662FEC648800861130 /* METAR Weather */;
		};
/* End PBXFileSystemSynchronizedBuildFileExceptionSet section */

/* Begin PBXFileSystemSynchronizedRootGroup section */
		B1A6EF142FEF0FD1002D2633 /* MetarWidget */ = {isa = PBXFileSystemSynchronizedRootGroup; exceptions = (B1A6EF2F2FEF13AC002D2633 /* PBXFileSystemSynchronizedBuildFileExceptionSet */, B1A6EF242FEF0FD4002D2633 /* PBXFileSystemSynchronizedBuildFileExceptionSet */, ); explicitFileTypes = {}; explicitFolders = (); path = MetarWidget; sourceTree = "<group>"; };
/* End PBXFileSystemSynchronizedRootGroup section */

/* Begin PBXFrameworksBuildPhase section */
		B142F0642FEC648800861130 /* Frameworks */ = {
			isa = PBXFrameworksBuildPhase;
			buildActionMask = 2147483647;
			files = (
			);
			runOnlyForDeploymentPostprocessing = 0;
		};
		B142F0742FEC648A00861130 /* Frameworks */ = {
			isa = PBXFrameworksBuildPhase;
			buildActionMask = 2147483647;
			files = (
			);
			runOnlyForDeploymentPostprocessing = 0;
		};
		B142F07E2FEC648A00861130 /* Frameworks */ = {
			isa = PBXFrameworksBuildPhase;
			buildActionMask = 2147483647;
			files = (
			);
			runOnlyForDeploymentPostprocessing = 0;
		};
		B1A6EF0B2FEF0FD1002D2633 /* Frameworks */ = {
			isa = PBXFrameworksBuildPhase;
			buildActionMask = 2147483647;
			files = (
				B1A6EF132FEF0FD1002D2633 /* SwiftUI.framework in Frameworks */,
				B1A6EF112FEF0FD1002D2633 /* WidgetKit.framework in Frameworks */,
			);
			runOnlyForDeploymentPostprocessing = 0;
		};
/* End PBXFrameworksBuildPhase section */

/* Begin PBXGroup section */
		B142F05E2FEC648800861130 = {
			isa = PBXGroup;
			children = (
				B1A6EF2B2FEF1243002D2633 /* MetarWidgetExtension.entitlements */,
				B142F0692FEC648800861130 /* METAR Weather */,
				B142F07A2FEC648A00861130 /* METAR WeatherTests */,
				B142F0842FEC648A00861130 /* METAR WeatherUITests */,
				B1A6EF142FEF0FD1002D2633 /* MetarWidget */,
				B1A6EF0F2FEF0FD1002D2633 /* Frameworks */,
				B142F0682FEC648800861130 /* Products */,
			);
			sourceTree = "<group>";
		};
		B142F0682FEC648800861130 /* Products */ = {
			isa = PBXGroup;
			children = (
				B142F0672FEC648800861130 /* METAR Weather.app */,
				B142F0772FEC648A00861130 /* METAR WeatherTests.xctest */,
				B142F0812FEC648A00861130 /* METAR WeatherUITests.xctest */,
				B1A6EF0E2FEF0FD1002D2633 /* MetarWidgetExtension.appex */,
			);
			name = Products;
			sourceTree = "<group>";
		};
		B142F0692FEC648800861130 /* METAR Weather */ = {
			isa = PBXGroup;
			children = (
				B1A6EF2A2FEF11E2002D2633 /* METAR Weather.entitlements */,
				B142F06A2FEC648800861130 /* METAR_WeatherApp.swift */,
				B142F06C2FEC648800861130 /* ContentView.swift */,
				B142F06E2FEC648A00861130 /* Assets.xcassets */,
				B142F0702FEC648A00861130 /* Preview Content */,
				B142F0942FEC727800861130 /* WeatherService.swift */,
				B142F0962FEC72A300861130 /* WeatherViewModel.swift */,
				B142F0982FEC79B900861130 /* MetarParser.swift */,
				B1C0FFEE000000000000A100 /* PrivacyInfo.xcprivacy */,
			);
			path = "METAR Weather";
			sourceTree = "<group>";
		};
		B142F0702FEC648A00861130 /* Preview Content */ = {
			isa = PBXGroup;
			children = (
				B142F0712FEC648A00861130 /* Preview Assets.xcassets */,
			);
			path = "Preview Content";
			sourceTree = "<group>";
		};
		B142F07A2FEC648A00861130 /* METAR WeatherTests */ = {
			isa = PBXGroup;
			children = (
				B142F07B2FEC648A00861130 /* METAR_WeatherTests.swift */,
			);
			path = "METAR WeatherTests";
			sourceTree = "<group>";
		};
		B142F0842FEC648A00861130 /* METAR WeatherUITests */ = {
			isa = PBXGroup;
			children = (
				B142F0852FEC648A00861130 /* METAR_WeatherUITests.swift */,
				B142F0872FEC648B00861130 /* METAR_WeatherUITestsLaunchTests.swift */,
			);
			path = "METAR WeatherUITests";
			sourceTree = "<group>";
		};
		B1A6EF0F2FEF0FD1002D2633 /* Frameworks */ = {
			isa = PBXGroup;
			children = (
				B1A6EF102FEF0FD1002D2633 /* WidgetKit.framework */,
				B1A6EF122FEF0FD1002D2633 /* SwiftUI.framework */,
			);
			name = Frameworks;
			sourceTree = "<group>";
		};
/* End PBXGroup section */

/* Begin PBXNativeTarget section */
		B142F0662FEC648800861130 /* METAR Weather */ = {
			isa = PBXNativeTarget;
			buildConfigurationList = B142F08B2FEC648B00861130 /* Build configuration list for PBXNativeTarget "METAR Weather" */;
			buildPhases = (
				B142F0632FEC648800861130 /* Sources */,
				B142F0642FEC648800861130 /* Frameworks */,
				B142F0652FEC648800861130 /* Resources */,
				B1A6EF212FEF0FD4002D2633 /* Embed Foundation Extensions */,
			);
			buildRules = (
			);
			dependencies = (
				B1A6EF1F2FEF0FD4002D2633 /* PBXTargetDependency */,
			);
			name = "METAR Weather";
			productName = "METAR Weather";
			productReference = B142F0672FEC648800861130 /* METAR Weather.app */;
			productType = "com.apple.product-type.application";
		};
		B142F0762FEC648A00861130 /* METAR WeatherTests */ = {
			isa = PBXNativeTarget;
			buildConfigurationList = B142F08E2FEC648B00861130 /* Build configuration list for PBXNativeTarget "METAR WeatherTests" */;
			buildPhases = (
				B142F0732FEC648A00861130 /* Sources */,
				B142F0742FEC648A00861130 /* Frameworks */,
				B142F0752FEC648A00861130 /* Resources */,
			);
			buildRules = (
			);
			dependencies = (
				B142F0792FEC648A00861130 /* PBXTargetDependency */,
			);
			name = "METAR WeatherTests";
			productName = "METAR WeatherTests";
			productReference = B142F0772FEC648A00861130 /* METAR WeatherTests.xctest */;
			productType = "com.apple.product-type.bundle.unit-test";
		};
		B142F0802FEC648A00861130 /* METAR WeatherUITests */ = {
			isa = PBXNativeTarget;
			buildConfigurationList = B142F0912FEC648B00861130 /* Build configuration list for PBXNativeTarget "METAR WeatherUITests" */;
			buildPhases = (
				B142F07D2FEC648A00861130 /* Sources */,
				B142F07E2FEC648A00861130 /* Frameworks */,
				B142F07F2FEC648A00861130 /* Resources */,
			);
			buildRules = (
			);
			dependencies = (
				B142F0832FEC648A00861130 /* PBXTargetDependency */,
			);
			name = "METAR WeatherUITests";
			productName = "METAR WeatherUITests";
			productReference = B142F0812FEC648A00861130 /* METAR WeatherUITests.xctest */;
			productType = "com.apple.product-type.bundle.ui-testing";
		};
		B1A6EF0D2FEF0FD1002D2633 /* MetarWidgetExtension */ = {
			isa = PBXNativeTarget;
			buildConfigurationList = B1A6EF252FEF0FD4002D2633 /* Build configuration list for PBXNativeTarget "MetarWidgetExtension" */;
			buildPhases = (
				B1A6EF0A2FEF0FD1002D2633 /* Sources */,
				B1A6EF0B2FEF0FD1002D2633 /* Frameworks */,
				B1A6EF0C2FEF0FD1002D2633 /* Resources */,
			);
			buildRules = (
			);
			dependencies = (
			);
			fileSystemSynchronizedGroups = (
				B1A6EF142FEF0FD1002D2633 /* MetarWidget */,
			);
			name = MetarWidgetExtension;
			packageProductDependencies = (
			);
			productName = MetarWidgetExtension;
			productReference = B1A6EF0E2FEF0FD1002D2633 /* MetarWidgetExtension.appex */;
			productType = "com.apple.product-type.app-extension";
		};
/* End PBXNativeTarget section */

/* Begin PBXProject section */
		B142F05F2FEC648800861130 /* Project object */ = {
			isa = PBXProject;
			attributes = {
				BuildIndependentTargetsInParallel = 1;
				LastSwiftUpdateCheck = 2630;
				LastUpgradeCheck = 1420;
				TargetAttributes = {
					B142F0662FEC648800861130 = {
						CreatedOnToolsVersion = 14.2;
					};
					B142F0762FEC648A00861130 = {
						CreatedOnToolsVersion = 14.2;
						TestTargetID = B142F0662FEC648800861130;
					};
					B142F0802FEC648A00861130 = {
						CreatedOnToolsVersion = 14.2;
						TestTargetID = B142F0662FEC648800861130;
					};
					B1A6EF0D2FEF0FD1002D2633 = {
						CreatedOnToolsVersion = 26.3;
					};
				};
			};
			buildConfigurationList = B142F0622FEC648800861130 /* Build configuration list for PBXProject "METAR Weather" */;
			compatibilityVersion = "Xcode 14.0";
			developmentRegion = en;
			hasScannedForEncodings = 0;
			knownRegions = (
				en,
				Base,
			);
			mainGroup = B142F05E2FEC648800861130;
			productRefGroup = B142F0682FEC648800861130 /* Products */;
			projectDirPath = "";
			projectRoot = "";
			targets = (
				B142F0662FEC648800861130 /* METAR Weather */,
				B142F0762FEC648A00861130 /* METAR WeatherTests */,
				B142F0802FEC648A00861130 /* METAR WeatherUITests */,
				B1A6EF0D2FEF0FD1002D2633 /* MetarWidgetExtension */,
			);
		};
/* End PBXProject section */

/* Begin PBXResourcesBuildPhase section */
		B142F0652FEC648800861130 /* Resources */ = {
			isa = PBXResourcesBuildPhase;
			buildActionMask = 2147483647;
			files = (
				B142F0722FEC648A00861130 /* Preview Assets.xcassets in Resources */,
				B142F06F2FEC648A00861130 /* Assets.xcassets in Resources */,
				B1C0FFEE000000000000B100 /* PrivacyInfo.xcprivacy in Resources */,
			);
			runOnlyForDeploymentPostprocessing = 0;
		};
		B142F0752FEC648A00861130 /* Resources */ = {
			isa = PBXResourcesBuildPhase;
			buildActionMask = 2147483647;
			files = (
			);
			runOnlyForDeploymentPostprocessing = 0;
		};
		B142F07F2FEC648A00861130 /* Resources */ = {
			isa = PBXResourcesBuildPhase;
			buildActionMask = 2147483647;
			files = (
			);
			runOnlyForDeploymentPostprocessing = 0;
		};
		B1A6EF0C2FEF0FD1002D2633 /* Resources */ = {
			isa = PBXResourcesBuildPhase;
			buildActionMask = 2147483647;
			files = (
			);
			runOnlyForDeploymentPostprocessing = 0;
		};
/* End PBXResourcesBuildPhase section */

/* Begin PBXSourcesBuildPhase section */
		B142F0632FEC648800861130 /* Sources */ = {
			isa = PBXSourcesBuildPhase;
			buildActionMask = 2147483647;
			files = (
				B142F06D2FEC648800861130 /* ContentView.swift in Sources */,
				B142F0972FEC72A300861130 /* WeatherViewModel.swift in Sources */,
				B142F0952FEC727800861130 /* WeatherService.swift in Sources */,
				B142F06B2FEC648800861130 /* METAR_WeatherApp.swift in Sources */,
				B142F0992FEC79B900861130 /* MetarParser.swift in Sources */,
			);
			runOnlyForDeploymentPostprocessing = 0;
		};
		B142F0732FEC648A00861130 /* Sources */ = {
			isa = PBXSourcesBuildPhase;
			buildActionMask = 2147483647;
			files = (
				B142F07C2FEC648A00861130 /* METAR_WeatherTests.swift in Sources */,
			);
			runOnlyForDeploymentPostprocessing = 0;
		};
		B142F07D2FEC648A00861130 /* Sources */ = {
			isa = PBXSourcesBuildPhase;
			buildActionMask = 2147483647;
			files = (
				B142F0862FEC648A00861130 /* METAR_WeatherUITests.swift in Sources */,
				B142F0882FEC648B00861130 /* METAR_WeatherUITestsLaunchTests.swift in Sources */,
			);
			runOnlyForDeploymentPostprocessing = 0;
		};
		B1A6EF0A2FEF0FD1002D2633 /* Sources */ = {
			isa = PBXSourcesBuildPhase;
			buildActionMask = 2147483647;
			files = (
			);
			runOnlyForDeploymentPostprocessing = 0;
		};
/* End PBXSourcesBuildPhase section */

/* Begin PBXTargetDependency section */
		B142F0792FEC648A00861130 /* PBXTargetDependency */ = {
			isa = PBXTargetDependency;
			target = B142F0662FEC648800861130 /* METAR Weather */;
			targetProxy = B142F0782FEC648A00861130 /* PBXContainerItemProxy */;
		};
		B142F0832FEC648A00861130 /* PBXTargetDependency */ = {
			isa = PBXTargetDependency;
			target = B142F0662FEC648800861130 /* METAR Weather */;
			targetProxy = B142F0822FEC648A00861130 /* PBXContainerItemProxy */;
		};
		B1A6EF1F2FEF0FD4002D2633 /* PBXTargetDependency */ = {
			isa = PBXTargetDependency;
			target = B1A6EF0D2FEF0FD1002D2633 /* MetarWidgetExtension */;
			targetProxy = B1A6EF1E2FEF0FD4002D2633 /* PBXContainerItemProxy */;
		};
/* End PBXTargetDependency section */

/* Begin XCBuildConfiguration section */
		B142F0892FEC648B00861130 /* Debug */ = {
			isa = XCBuildConfiguration;
			buildSettings = {
				ALWAYS_SEARCH_USER_PATHS = NO;
				CLANG_ANALYZER_NONNULL = YES;
				CLANG_ANALYZER_NUMBER_OBJECT_CONVERSION = YES_AGGRESSIVE;
				CLANG_CXX_LANGUAGE_STANDARD = "gnu++20";
				CLANG_ENABLE_MODULES = YES;
				CLANG_ENABLE_OBJC_ARC = YES;
				CLANG_ENABLE_OBJC_WEAK = YES;
				CLANG_WARN_BLOCK_CAPTURE_AUTORELEASING = YES;
				CLANG_WARN_BOOL_CONVERSION = YES;
				CLANG_WARN_COMMA = YES;
				CLANG_WARN_CONSTANT_CONVERSION = YES;
				CLANG_WARN_DEPRECATED_OBJC_IMPLEMENTATIONS = YES;
				CLANG_WARN_DIRECT_OBJC_ISA_USAGE = YES_ERROR;
				CLANG_WARN_DOCUMENTATION_COMMENTS = YES;
				CLANG_WARN_EMPTY_BODY = YES;
				CLANG_WARN_ENUM_CONVERSION = YES;
				CLANG_WARN_INFINITE_RECURSION = YES;
				CLANG_WARN_INT_CONVERSION = YES;
				CLANG_WARN_NON_LITERAL_NULL_CONVERSION = YES;
				CLANG_WARN_OBJC_IMPLICIT_RETAIN_SELF = YES;
				CLANG_WARN_OBJC_LITERAL_CONVERSION = YES;
				CLANG_WARN_OBJC_ROOT_CLASS = YES_ERROR;
				CLANG_WARN_QUOTED_INCLUDE_IN_FRAMEWORK_HEADER = YES;
				CLANG_WARN_RANGE_LOOP_ANALYSIS = YES;
				CLANG_WARN_STRICT_PROTOTYPES = YES;
				CLANG_WARN_SUSPICIOUS_MOVE = YES;
				CLANG_WARN_UNGUARDED_AVAILABILITY = YES_AGGRESSIVE;
				CLANG_WARN_UNREACHABLE_CODE = YES;
				CLANG_WARN__DUPLICATE_METHOD_MATCH = YES;
				COPY_PHASE_STRIP = NO;
				DEBUG_INFORMATION_FORMAT = dwarf;
				ENABLE_STRICT_OBJC_MSGSEND = YES;
				ENABLE_TESTABILITY = YES;
				GCC_C_LANGUAGE_STANDARD = gnu11;
				GCC_DYNAMIC_NO_PIC = NO;
				GCC_NO_COMMON_BLOCKS = YES;
				GCC_OPTIMIZATION_LEVEL = 0;
				GCC_PREPROCESSOR_DEFINITIONS = (
					"DEBUG=1",
					"$(inherited)",
				);
				GCC_WARN_64_TO_32_BIT_CONVERSION = YES;
				GCC_WARN_ABOUT_RETURN_TYPE = YES_ERROR;
				GCC_WARN_UNDECLARED_SELECTOR = YES;
				GCC_WARN_UNINITIALIZED_AUTOS = YES_AGGRESSIVE;
				GCC_WARN_UNUSED_FUNCTION = YES;
				GCC_WARN_UNUSED_VARIABLE = YES;
				IPHONEOS_DEPLOYMENT_TARGET = 18.0;
				MTL_ENABLE_DEBUG_INFO = INCLUDE_SOURCE;
				MTL_FAST_MATH = YES;
				ONLY_ACTIVE_ARCH = YES;
				SDKROOT = iphoneos;
				SWIFT_ACTIVE_COMPILATION_CONDITIONS = DEBUG;
				SWIFT_OPTIMIZATION_LEVEL = "-Onone";
			};
			name = Debug;
		};
		B142F08A2FEC648B00861130 /* Release */ = {
			isa = XCBuildConfiguration;
			buildSettings = {
				ALWAYS_SEARCH_USER_PATHS = NO;
				CLANG_ANALYZER_NONNULL = YES;
				CLANG_ANALYZER_NUMBER_OBJECT_CONVERSION = YES_AGGRESSIVE;
				CLANG_CXX_LANGUAGE_STANDARD = "gnu++20";
				CLANG_ENABLE_MODULES = YES;
				CLANG_ENABLE_OBJC_ARC = YES;
				CLANG_ENABLE_OBJC_WEAK = YES;
				CLANG_WARN_BLOCK_CAPTURE_AUTORELEASING = YES;
				CLANG_WARN_BOOL_CONVERSION = YES;
				CLANG_WARN_COMMA = YES;
				CLANG_WARN_CONSTANT_CONVERSION = YES;
				CLANG_WARN_DEPRECATED_OBJC_IMPLEMENTATIONS = YES;
				CLANG_WARN_DIRECT_OBJC_ISA_USAGE = YES_ERROR;
				CLANG_WARN_DOCUMENTATION_COMMENTS = YES;
				CLANG_WARN_EMPTY_BODY = YES;
				CLANG_WARN_ENUM_CONVERSION = YES;
				CLANG_WARN_INFINITE_RECURSION = YES;
				CLANG_WARN_INT_CONVERSION = YES;
				CLANG_WARN_NON_LITERAL_NULL_CONVERSION = YES;
				CLANG_WARN_OBJC_IMPLICIT_RETAIN_SELF = YES;
				CLANG_WARN_OBJC_LITERAL_CONVERSION = YES;
				CLANG_WARN_OBJC_ROOT_CLASS = YES_ERROR;
				CLANG_WARN_QUOTED_INCLUDE_IN_FRAMEWORK_HEADER = YES;
				CLANG_WARN_RANGE_LOOP_ANALYSIS = YES;
				CLANG_WARN_STRICT_PROTOTYPES = YES;
				CLANG_WARN_SUSPICIOUS_MOVE = YES;
				CLANG_WARN_UNGUARDED_AVAILABILITY = YES_AGGRESSIVE;
				CLANG_WARN_UNREACHABLE_CODE = YES;
				CLANG_WARN__DUPLICATE_METHOD_MATCH = YES;
				COPY_PHASE_STRIP = NO;
				DEBUG_INFORMATION_FORMAT = "dwarf-with-dsym";
				ENABLE_NS_ASSERTIONS = NO;
				ENABLE_STRICT_OBJC_MSGSEND = YES;
				GCC_C_LANGUAGE_STANDARD = gnu11;
				GCC_NO_COMMON_BLOCKS = YES;
				GCC_WARN_64_TO_32_BIT_CONVERSION = YES;
				GCC_WARN_ABOUT_RETURN_TYPE = YES_ERROR;
				GCC_WARN_UNDECLARED_SELECTOR = YES;
				GCC_WARN_UNINITIALIZED_AUTOS = YES_AGGRESSIVE;
				GCC_WARN_UNUSED_FUNCTION = YES;
				GCC_WARN_UNUSED_VARIABLE = YES;
				IPHONEOS_DEPLOYMENT_TARGET = 18.0;
				MTL_ENABLE_DEBUG_INFO = NO;
				MTL_FAST_MATH = YES;
				SDKROOT = iphoneos;
				SWIFT_COMPILATION_MODE = wholemodule;
				SWIFT_OPTIMIZATION_LEVEL = "-O";
				VALIDATE_PRODUCT = YES;
			};
			name = Release;
		};
		B142F08C2FEC648B00861130 /* Debug */ = {
			isa = XCBuildConfiguration;
			buildSettings = {
				ASSETCATALOG_COMPILER_APPICON_NAME = AppIcon;
				ASSETCATALOG_COMPILER_GLOBAL_ACCENT_COLOR_NAME = AccentColor;
				CODE_SIGN_ENTITLEMENTS = "METAR Weather/METAR Weather.entitlements";
				CODE_SIGN_STYLE = Automatic;
				CURRENT_PROJECT_VERSION = 1;
				DEVELOPMENT_ASSET_PATHS = "\"METAR Weather/Preview Content\"";
				DEVELOPMENT_TEAM = 82VJYL8Y3V;
				ENABLE_PREVIEWS = YES;
				GENERATE_INFOPLIST_FILE = YES;
				INFOPLIST_KEY_UIApplicationSceneManifest_Generation = YES;
				INFOPLIST_KEY_UIApplicationSupportsIndirectInputEvents = YES;
				INFOPLIST_KEY_UILaunchScreen_Generation = YES;
				INFOPLIST_KEY_UISupportedInterfaceOrientations_iPad = "UIInterfaceOrientationPortrait UIInterfaceOrientationPortraitUpsideDown UIInterfaceOrientationLandscapeLeft UIInterfaceOrientationLandscapeRight";
				INFOPLIST_KEY_UISupportedInterfaceOrientations_iPhone = UIInterfaceOrientationPortrait;
				LD_RUNPATH_SEARCH_PATHS = (
					"$(inherited)",
					"@executable_path/Frameworks",
				);
				MARKETING_VERSION = 1.0;
				PRODUCT_BUNDLE_IDENTIFIER = "henril.METAR-Weather";
				PRODUCT_NAME = "$(TARGET_NAME)";
				SWIFT_EMIT_LOC_STRINGS = YES;
				SWIFT_VERSION = 5.0;
				TARGETED_DEVICE_FAMILY = 1;
			};
			name = Debug;
		};
		B142F08D2FEC648B00861130 /* Release */ = {
			isa = XCBuildConfiguration;
			buildSettings = {
				ASSETCATALOG_COMPILER_APPICON_NAME = AppIcon;
				ASSETCATALOG_COMPILER_GLOBAL_ACCENT_COLOR_NAME = AccentColor;
				CODE_SIGN_ENTITLEMENTS = "METAR Weather/METAR Weather.entitlements";
				CODE_SIGN_STYLE = Automatic;
				CURRENT_PROJECT_VERSION = 1;
				DEVELOPMENT_ASSET_PATHS = "\"METAR Weather/Preview Content\"";
				DEVELOPMENT_TEAM = 82VJYL8Y3V;
				ENABLE_PREVIEWS = YES;
				GENERATE_INFOPLIST_FILE = YES;
				INFOPLIST_KEY_UIApplicationSceneManifest_Generation = YES;
				INFOPLIST_KEY_UIApplicationSupportsIndirectInputEvents = YES;
				INFOPLIST_KEY_UILaunchScreen_Generation = YES;
				INFOPLIST_KEY_UISupportedInterfaceOrientations_iPad = "UIInterfaceOrientationPortrait UIInterfaceOrientationPortraitUpsideDown UIInterfaceOrientationLandscapeLeft UIInterfaceOrientationLandscapeRight";
				INFOPLIST_KEY_UISupportedInterfaceOrientations_iPhone = UIInterfaceOrientationPortrait;
				LD_RUNPATH_SEARCH_PATHS = (
					"$(inherited)",
					"@executable_path/Frameworks",
				);
				MARKETING_VERSION = 1.0;
				PRODUCT_BUNDLE_IDENTIFIER = "henril.METAR-Weather";
				PRODUCT_NAME = "$(TARGET_NAME)";
				SWIFT_EMIT_LOC_STRINGS = YES;
				SWIFT_VERSION = 5.0;
				TARGETED_DEVICE_FAMILY = 1;
			};
			name = Release;
		};
		B142F08F2FEC648B00861130 /* Debug */ = {
			isa = XCBuildConfiguration;
			buildSettings = {
				ALWAYS_EMBED_SWIFT_STANDARD_LIBRARIES = YES;
				BUNDLE_LOADER = "$(TEST_HOST)";
				CODE_SIGN_STYLE = Automatic;
				CURRENT_PROJECT_VERSION = 1;
				DEVELOPMENT_TEAM = 82VJYL8Y3V;
				GENERATE_INFOPLIST_FILE = YES;
				IPHONEOS_DEPLOYMENT_TARGET = 18.0;
				MARKETING_VERSION = 1.0;
				PRODUCT_BUNDLE_IDENTIFIER = "henril.METAR-WeatherTests";
				PRODUCT_NAME = "$(TARGET_NAME)";
				SWIFT_EMIT_LOC_STRINGS = NO;
				SWIFT_VERSION = 5.0;
				TARGETED_DEVICE_FAMILY = 1;
				TEST_HOST = "$(BUILT_PRODUCTS_DIR)/METAR Weather.app/$(BUNDLE_EXECUTABLE_FOLDER_PATH)/METAR Weather";
			};
			name = Debug;
		};
		B142F0902FEC648B00861130 /* Release */ = {
			isa = XCBuildConfiguration;
			buildSettings = {
				ALWAYS_EMBED_SWIFT_STANDARD_LIBRARIES = YES;
				BUNDLE_LOADER = "$(TEST_HOST)";
				CODE_SIGN_STYLE = Automatic;
				CURRENT_PROJECT_VERSION = 1;
				DEVELOPMENT_TEAM = 82VJYL8Y3V;
				GENERATE_INFOPLIST_FILE = YES;
				IPHONEOS_DEPLOYMENT_TARGET = 18.0;
				MARKETING_VERSION = 1.0;
				PRODUCT_BUNDLE_IDENTIFIER = "henril.METAR-WeatherTests";
				PRODUCT_NAME = "$(TARGET_NAME)";
				SWIFT_EMIT_LOC_STRINGS = NO;
				SWIFT_VERSION = 5.0;
				TARGETED_DEVICE_FAMILY = 1;
				TEST_HOST = "$(BUILT_PRODUCTS_DIR)/METAR Weather.app/$(BUNDLE_EXECUTABLE_FOLDER_PATH)/METAR Weather";
			};
			name = Release;
		};
		B142F0922FEC648B00861130 /* Debug */ = {
			isa = XCBuildConfiguration;
			buildSettings = {
				ALWAYS_EMBED_SWIFT_STANDARD_LIBRARIES = YES;
				CODE_SIGN_STYLE = Automatic;
				CURRENT_PROJECT_VERSION = 1;
				DEVELOPMENT_TEAM = 82VJYL8Y3V;
				GENERATE_INFOPLIST_FILE = YES;
				MARKETING_VERSION = 1.0;
				PRODUCT_BUNDLE_IDENTIFIER = "henril.METAR-WeatherUITests";
				PRODUCT_NAME = "$(TARGET_NAME)";
				SWIFT_EMIT_LOC_STRINGS = NO;
				SWIFT_VERSION = 5.0;
				TARGETED_DEVICE_FAMILY = 1;
				TEST_TARGET_NAME = "METAR Weather";
			};
			name = Debug;
		};
		B142F0932FEC648B00861130 /* Release */ = {
			isa = XCBuildConfiguration;
			buildSettings = {
				ALWAYS_EMBED_SWIFT_STANDARD_LIBRARIES = YES;
				CODE_SIGN_STYLE = Automatic;
				CURRENT_PROJECT_VERSION = 1;
				DEVELOPMENT_TEAM = 82VJYL8Y3V;
				GENERATE_INFOPLIST_FILE = YES;
				MARKETING_VERSION = 1.0;
				PRODUCT_BUNDLE_IDENTIFIER = "henril.METAR-WeatherUITests";
				PRODUCT_NAME = "$(TARGET_NAME)";
				SWIFT_EMIT_LOC_STRINGS = NO;
				SWIFT_VERSION = 5.0;
				TARGETED_DEVICE_FAMILY = 1;
				TEST_TARGET_NAME = "METAR Weather";
			};
			name = Release;
		};
		B1A6EF222FEF0FD4002D2633 /* Debug */ = {
			isa = XCBuildConfiguration;
			buildSettings = {
				ASSETCATALOG_COMPILER_GENERATE_SWIFT_ASSET_SYMBOL_EXTENSIONS = YES;
				ASSETCATALOG_COMPILER_GLOBAL_ACCENT_COLOR_NAME = AccentColor;
				ASSETCATALOG_COMPILER_WIDGET_BACKGROUND_COLOR_NAME = WidgetBackground;
				CODE_SIGN_ENTITLEMENTS = MetarWidgetExtension.entitlements;
				CODE_SIGN_STYLE = Automatic;
				CURRENT_PROJECT_VERSION = 1;
				DEVELOPMENT_TEAM = 82VJYL8Y3V;
				ENABLE_USER_SCRIPT_SANDBOXING = YES;
				GCC_C_LANGUAGE_STANDARD = gnu17;
				GENERATE_INFOPLIST_FILE = YES;
				INFOPLIST_FILE = MetarWidget/Info.plist;
				INFOPLIST_KEY_CFBundleDisplayName = MetarWidget;
				INFOPLIST_KEY_NSHumanReadableCopyright = "";
				IPHONEOS_DEPLOYMENT_TARGET = 18.0;
				LD_RUNPATH_SEARCH_PATHS = (
					"$(inherited)",
					"@executable_path/Frameworks",
					"@executable_path/../../Frameworks",
				);
				LOCALIZATION_PREFERS_STRING_CATALOGS = YES;
				MARKETING_VERSION = 1.0;
				PRODUCT_BUNDLE_IDENTIFIER = "henril.METAR-Weather.MetarWidget";
				PRODUCT_NAME = "$(TARGET_NAME)";
				SKIP_INSTALL = YES;
				STRING_CATALOG_GENERATE_SYMBOLS = YES;
				SWIFT_ACTIVE_COMPILATION_CONDITIONS = "DEBUG $(inherited)";
				SWIFT_APPROACHABLE_CONCURRENCY = YES;
				SWIFT_EMIT_LOC_STRINGS = YES;
				SWIFT_UPCOMING_FEATURE_MEMBER_IMPORT_VISIBILITY = YES;
				SWIFT_VERSION = 5.0;
				TARGETED_DEVICE_FAMILY = 1;
			};
			name = Debug;
		};
		B1A6EF232FEF0FD4002D2633 /* Release */ = {
			isa = XCBuildConfiguration;
			buildSettings = {
				ASSETCATALOG_COMPILER_GENERATE_SWIFT_ASSET_SYMBOL_EXTENSIONS = YES;
				ASSETCATALOG_COMPILER_GLOBAL_ACCENT_COLOR_NAME = AccentColor;
				ASSETCATALOG_COMPILER_WIDGET_BACKGROUND_COLOR_NAME = WidgetBackground;
				CODE_SIGN_ENTITLEMENTS = MetarWidgetExtension.entitlements;
				CODE_SIGN_STYLE = Automatic;
				CURRENT_PROJECT_VERSION = 1;
				DEVELOPMENT_TEAM = 82VJYL8Y3V;
				ENABLE_USER_SCRIPT_SANDBOXING = YES;
				GCC_C_LANGUAGE_STANDARD = gnu17;
				GENERATE_INFOPLIST_FILE = YES;
				INFOPLIST_FILE = MetarWidget/Info.plist;
				INFOPLIST_KEY_CFBundleDisplayName = MetarWidget;
				INFOPLIST_KEY_NSHumanReadableCopyright = "";
				IPHONEOS_DEPLOYMENT_TARGET = 18.0;
				LD_RUNPATH_SEARCH_PATHS = (
					"$(inherited)",
					"@executable_path/Frameworks",
					"@executable_path/../../Frameworks",
				);
				LOCALIZATION_PREFERS_STRING_CATALOGS = YES;
				MARKETING_VERSION = 1.0;
				PRODUCT_BUNDLE_IDENTIFIER = "henril.METAR-Weather.MetarWidget";
				PRODUCT_NAME = "$(TARGET_NAME)";
				SKIP_INSTALL = YES;
				STRING_CATALOG_GENERATE_SYMBOLS = YES;
				SWIFT_APPROACHABLE_CONCURRENCY = YES;
				SWIFT_EMIT_LOC_STRINGS = YES;
				SWIFT_UPCOMING_FEATURE_MEMBER_IMPORT_VISIBILITY = YES;
				SWIFT_VERSION = 5.0;
				TARGETED_DEVICE_FAMILY = 1;
			};
			name = Release;
		};
/* End XCBuildConfiguration section */

/* Begin XCConfigurationList section */
		B142F0622FEC648800861130 /* Build configuration list for PBXProject "METAR Weather" */ = {
			isa = XCConfigurationList;
			buildConfigurations = (
				B142F0892FEC648B00861130 /* Debug */,
				B142F08A2FEC648B00861130 /* Release */,
			);
			defaultConfigurationIsVisible = 0;
			defaultConfigurationName = Release;
		};
		B142F08B2FEC648B00861130 /* Build configuration list for PBXNativeTarget "METAR Weather" */ = {
			isa = XCConfigurationList;
			buildConfigurations = (
				B142F08C2FEC648B00861130 /* Debug */,
				B142F08D2FEC648B00861130 /* Release */,
			);
			defaultConfigurationIsVisible = 0;
			defaultConfigurationName = Release;
		};
		B142F08E2FEC648B00861130 /* Build configuration list for PBXNativeTarget "METAR WeatherTests" */ = {
			isa = XCConfigurationList;
			buildConfigurations = (
				B142F08F2FEC648B00861130 /* Debug */,
				B142F0902FEC648B00861130 /* Release */,
			);
			defaultConfigurationIsVisible = 0;
			defaultConfigurationName = Release;
		};
		B142F0912FEC648B00861130 /* Build configuration list for PBXNativeTarget "METAR WeatherUITests" */ = {
			isa = XCConfigurationList;
			buildConfigurations = (
				B142F0922FEC648B00861130 /* Debug */,
				B142F0932FEC648B00861130 /* Release */,
			);
			defaultConfigurationIsVisible = 0;
			defaultConfigurationName = Release;
		};
		B1A6EF252FEF0FD4002D2633 /* Build configuration list for PBXNativeTarget "MetarWidgetExtension" */ = {
			isa = XCConfigurationList;
			buildConfigurations = (
				B1A6EF222FEF0FD4002D2633 /* Debug */,
				B1A6EF232FEF0FD4002D2633 /* Release */,
			);
			defaultConfigurationIsVisible = 0;
			defaultConfigurationName = Release;
		};
/* End XCConfigurationList section */
	};
	rootObject = B142F05F2FEC648800861130 /* Project object */;
}
